
Microsoft Visual Studio Solution File, Format Version 12.00
# Visual Studio Version 16
VisualStudioVersion = 16.0.36107.64
MinimumVisualStudioVersion = 10.0.40219.1
Project("{FAE04EC0-301F-11D3-BF4B-00C04F79EFBC}") = "Class2", "Class2\Class2.csproj", "{FEF80CE9-4831-479B-8064-CC8F1948BBFD}"
EndProject
Global
	GlobalSection(SolutionConfigurationPlatforms) = preSolution
		Debug|Any CPU = Debug|Any CPU
		Release|Any CPU = Release|Any CPU
	EndGlobalSection
	GlobalSection(ProjectConfigurationPlatforms) = postSolution
		{FEF80CE9-4831-479B-8064-CC8F1948BBFD}.Debug|Any CPU.ActiveCfg = Debug|Any CPU
		{FEF80CE9-4831-479B-8064-CC8F1948BBFD}.Debug|Any CPU.Build.0 = Debug|Any CPU
		{FEF80CE9-4831-479B-8064-CC8F1948BBFD}.Release|Any CPU.ActiveCfg = Release|Any CPU
		{FEF80CE9-4831-479B-8064-CC8F1948BBFD}.Release|Any CPU.Build.0 = Release|Any CPU
	EndGlobalSection
	GlobalSection(SolutionProperties) = preSolution
		HideSolutionNode = FALSE
	EndGlobalSection
	GlobalSection(ExtensibilityGlobals) = postSolution
		SolutionGuid = {C2A7C23E-BA88-4A44-B172-4A69E9642E2E}
	EndGlobalSection
EndGlobal
