
Microsoft Visual Studio Solution File, Format Version 12.00
# Visual Studio Version 16
VisualStudioVersion = 16.0.36324.18
MinimumVisualStudioVersion = 10.0.40219.1
Project("{FAE04EC0-301F-11D3-BF4B-00C04F79EFBC}") = "class13", "class13\class13.csproj", "{F3ECE568-F7A1-4B7C-8B61-B58EA52B8F9C}"
EndProject
Global
	GlobalSection(SolutionConfigurationPlatforms) = preSolution
		Debug|Any CPU = Debug|Any CPU
		Release|Any CPU = Release|Any CPU
	EndGlobalSection
	GlobalSection(ProjectConfigurationPlatforms) = postSolution
		{F3ECE568-F7A1-4B7C-8B61-B58EA52B8F9C}.Debug|Any CPU.ActiveCfg = Debug|Any CPU
		{F3ECE568-F7A1-4B7C-8B61-B58EA52B8F9C}.Debug|Any CPU.Build.0 = Debug|Any CPU
		{F3ECE568-F7A1-4B7C-8B61-B58EA52B8F9C}.Release|Any CPU.ActiveCfg = Release|Any CPU
		{F3ECE568-F7A1-4B7C-8B61-B58EA52B8F9C}.Release|Any CPU.Build.0 = Release|Any CPU
	EndGlobalSection
	GlobalSection(SolutionProperties) = preSolution
		HideSolutionNode = FALSE
	EndGlobalSection
	GlobalSection(ExtensibilityGlobals) = postSolution
		SolutionGuid = {4EA74571-65C5-496A-A5D7-A9247E8C6C19}
	EndGlobalSection
EndGlobal
